
Microsoft Visual Studio Solution File, Format Version 12.00
# Visual Studio Version 17
VisualStudioVersion = 17.8.34322.80
MinimumVisualStudioVersion = 10.0.40219.1
Project("{FAE04EC0-301F-11D3-BF4B-00C04F79EFBC}") = "Ch10Ex02", "Ch10Ex02\Ch10Ex02.csproj", "{9CF6196F-47E7-4348-ABA9-7A3EBEF799A7}"
EndProject
Global
	GlobalSection(SolutionConfigurationPlatforms) = preSolution
		Debug|Any CPU = Debug|Any CPU
		Release|Any CPU = Release|Any CPU
	EndGlobalSection
	GlobalSection(ProjectConfigurationPlatforms) = postSolution
		{9CF6196F-47E7-4348-ABA9-7A3EBEF799A7}.Debug|Any CPU.ActiveCfg = Debug|Any CPU
		{9CF6196F-47E7-4348-ABA9-7A3EBEF799A7}.Debug|Any CPU.Build.0 = Debug|Any CPU
		{9CF6196F-47E7-4348-ABA9-7A3EBEF799A7}.Release|Any CPU.ActiveCfg = Release|Any CPU
		{9CF6196F-47E7-4348-ABA9-7A3EBEF799A7}.Release|Any CPU.Build.0 = Release|Any CPU
	EndGlobalSection
	GlobalSection(SolutionProperties) = preSolution
		HideSolutionNode = FALSE
	EndGlobalSection
	GlobalSection(ExtensibilityGlobals) = postSolution
		SolutionGuid = {05D86929-F117-4A85-88DA-6BBFB402793E}
	EndGlobalSection
EndGlobal
